
Microsoft Visual Studio Solution File, Format Version 12.00
# Visual Studio Version 17
VisualStudioVersion = 17.13.35931.197 d17.13
MinimumVisualStudioVersion = 10.0.40219.1
Project("{FAE04EC0-301F-11D3-BF4B-00C04F79EFBC}") = "PotionBrewerySystem", "PotionBrewerySystem.csproj", "{323B9A4F-0AAE-4477-B536-4A52AA1D83F6}"
EndProject
Global
	GlobalSection(SolutionConfigurationPlatforms) = preSolution
		Debug|Any CPU = Debug|Any CPU
		Release|Any CPU = Release|Any CPU
	EndGlobalSection
	GlobalSection(ProjectConfigurationPlatforms) = postSolution
		{323B9A4F-0AAE-4477-B536-4A52AA1D83F6}.Debug|Any CPU.ActiveCfg = Debug|Any CPU
		{323B9A4F-0AAE-4477-B536-4A52AA1D83F6}.Debug|Any CPU.Build.0 = Debug|Any CPU
		{323B9A4F-0AAE-4477-B536-4A52AA1D83F6}.Release|Any CPU.ActiveCfg = Release|Any CPU
		{323B9A4F-0AAE-4477-B536-4A52AA1D83F6}.Release|Any CPU.Build.0 = Release|Any CPU
	EndGlobalSection
	GlobalSection(SolutionProperties) = preSolution
		HideSolutionNode = FALSE
	EndGlobalSection
	GlobalSection(ExtensibilityGlobals) = postSolution
		SolutionGuid = {34BEEE73-0A27-4A6F-98E6-1F189D5DA857}
	EndGlobalSection
EndGlobal
